
Microsoft Visual Studio Solution File, Format Version 12.00
# Visual Studio Version 17
VisualStudioVersion = 17.7.34202.233
MinimumVisualStudioVersion = 10.0.40219.1
Project("{9A19103F-16F7-4668-BE54-9A1E7A4F7556}") = "PatienInfo", "PatienInfo\PatienInfo.csproj", "{DF91C503-1C18-424F-A4E0-A7E498C29967}"
EndProject
Project("{2150E333-8FDC-42A3-9474-1A3956D46DE8}") = "Solution Items", "Solution Items", "{6858129D-C88E-4653-ABBF-8395986521A9}"
	ProjectSection(SolutionItems) = preProject
		.editorconfig = .editorconfig
	EndProjectSection
EndProject
Global
	GlobalSection(SolutionConfigurationPlatforms) = preSolution
		Debug|Any CPU = Debug|Any CPU
		Release|Any CPU = Release|Any CPU
	EndGlobalSection
	GlobalSection(ProjectConfigurationPlatforms) = postSolution
		{DF91C503-1C18-424F-A4E0-A7E498C29967}.Debug|Any CPU.ActiveCfg = Debug|Any CPU
		{DF91C503-1C18-424F-A4E0-A7E498C29967}.Debug|Any CPU.Build.0 = Debug|Any CPU
		{DF91C503-1C18-424F-A4E0-A7E498C29967}.Debug|Any CPU.Deploy.0 = Debug|Any CPU
		{DF91C503-1C18-424F-A4E0-A7E498C29967}.Release|Any CPU.ActiveCfg = Release|Any CPU
		{DF91C503-1C18-424F-A4E0-A7E498C29967}.Release|Any CPU.Build.0 = Release|Any CPU
		{DF91C503-1C18-424F-A4E0-A7E498C29967}.Release|Any CPU.Deploy.0 = Release|Any CPU
	EndGlobalSection
	GlobalSection(SolutionProperties) = preSolution
		HideSolutionNode = FALSE
	EndGlobalSection
	GlobalSection(ExtensibilityGlobals) = postSolution
		SolutionGuid = {96D3C5BD-4B1E-4F4E-B123-ABFE7CF3FCC2}
	EndGlobalSection
EndGlobal
